
Microsoft Visual Studio Solution File, Format Version 12.00
# Visual Studio 15
VisualStudioVersion = 15.0.28307.1209
MinimumVisualStudioVersion = 10.0.40219.1
Project("{159641D6-6404-4A2A-AE62-294DE0FE8301}") = "Complementaria_CG181933_CG181935", "Complementaria_CG181933_CG181935.dtproj", "{62C3B664-B2F9-48D3-918E-D4C701E4F55D}"
EndProject
Global
	GlobalSection(SolutionConfigurationPlatforms) = preSolution
		Development|Default = Development|Default
	EndGlobalSection
	GlobalSection(ProjectConfigurationPlatforms) = postSolution
		{62C3B664-B2F9-48D3-918E-D4C701E4F55D}.Development|Default.ActiveCfg = Development
		{62C3B664-B2F9-48D3-918E-D4C701E4F55D}.Development|Default.Build.0 = Development
	EndGlobalSection
	GlobalSection(SolutionProperties) = preSolution
		HideSolutionNode = FALSE
	EndGlobalSection
	GlobalSection(ExtensibilityGlobals) = postSolution
		SolutionGuid = {BCED5F48-1E5E-4E48-83BA-BAC6C8027A30}
	EndGlobalSection
EndGlobal
