
Microsoft Visual Studio Solution File, Format Version 11.00
# Visual Studio 2010
Project("{D2ABAB84-BF74-430A-B69E-9DC6D40DDA17}") = "Guia06", "Guia06.dwproj", "{6D6CC07E-AF48-4E7D-8C2C-78DFA4B49178}"
EndProject
Global
	GlobalSection(SolutionConfigurationPlatforms) = preSolution
		Development|Default = Development|Default
	EndGlobalSection
	GlobalSection(ProjectConfigurationPlatforms) = postSolution
		{6D6CC07E-AF48-4E7D-8C2C-78DFA4B49178}.Development|Default.ActiveCfg = Development
		{6D6CC07E-AF48-4E7D-8C2C-78DFA4B49178}.Development|Default.Build.0 = Development
		{6D6CC07E-AF48-4E7D-8C2C-78DFA4B49178}.Development|Default.Deploy.0 = Development
	EndGlobalSection
	GlobalSection(SolutionProperties) = preSolution
		HideSolutionNode = FALSE
	EndGlobalSection
EndGlobal
