
Microsoft Visual Studio Solution File, Format Version 11.00
# Visual Studio 2010
Project("{159641D6-6404-4A2A-AE62-294DE0FE8301}") = "Desafio_Ejercicio1", "Desafio_Ejercicio1.dtproj", "{06E86D3C-DF16-438B-A09B-B340C9E9AFD5}"
EndProject
Global
	GlobalSection(SolutionConfigurationPlatforms) = preSolution
		Development|Default = Development|Default
	EndGlobalSection
	GlobalSection(ProjectConfigurationPlatforms) = postSolution
		{06E86D3C-DF16-438B-A09B-B340C9E9AFD5}.Development|Default.ActiveCfg = Development
		{06E86D3C-DF16-438B-A09B-B340C9E9AFD5}.Development|Default.Build.0 = Development
	EndGlobalSection
	GlobalSection(SolutionProperties) = preSolution
		HideSolutionNode = FALSE
	EndGlobalSection
EndGlobal
