
Microsoft Visual Studio Solution File, Format Version 12.00
# Visual Studio 15
VisualStudioVersion = 15.0.28307.1209
MinimumVisualStudioVersion = 10.0.40219.1
Project("{159641D6-6404-4A2A-AE62-294DE0FE8301}") = "Parque_Vehicular", "Parque_Vehicular.dtproj", "{6E76B4D6-FE8F-4109-B378-D1F88602CDA5}"
EndProject
Project("{D2ABAB84-BF74-430A-B69E-9DC6D40DDA17}") = "Parque_Vehicular_Cubo", "..\Parque_Vehicular_Cubo\Parque_Vehicular_Cubo.dwproj", "{F030096B-BD0C-401D-A686-4687C6853145}"
EndProject
Global
	GlobalSection(SolutionConfigurationPlatforms) = preSolution
		Development|Default = Development|Default
	EndGlobalSection
	GlobalSection(ProjectConfigurationPlatforms) = postSolution
		{6E76B4D6-FE8F-4109-B378-D1F88602CDA5}.Development|Default.ActiveCfg = Development
		{6E76B4D6-FE8F-4109-B378-D1F88602CDA5}.Development|Default.Build.0 = Development
		{F030096B-BD0C-401D-A686-4687C6853145}.Development|Default.ActiveCfg = Development
		{F030096B-BD0C-401D-A686-4687C6853145}.Development|Default.Build.0 = Development
		{F030096B-BD0C-401D-A686-4687C6853145}.Development|Default.Deploy.0 = Development
	EndGlobalSection
	GlobalSection(SolutionProperties) = preSolution
		HideSolutionNode = FALSE
	EndGlobalSection
	GlobalSection(ExtensibilityGlobals) = postSolution
		SolutionGuid = {819B0721-FB87-4D1C-8FE5-57DD7180CA45}
	EndGlobalSection
EndGlobal
