
Microsoft Visual Studio Solution File, Format Version 12.00
# Visual Studio 15
VisualStudioVersion = 15.0.28307.1209
MinimumVisualStudioVersion = 10.0.40219.1
Project("{D2ABAB84-BF74-430A-B69E-9DC6D40DDA17}") = "Desafio2_Ejercicio1", "Desafio2_Ejercicio1.dwproj", "{2233545C-11E4-4419-B860-B9A5BDF83091}"
EndProject
Global
	GlobalSection(SolutionConfigurationPlatforms) = preSolution
		Development|Default = Development|Default
	EndGlobalSection
	GlobalSection(ProjectConfigurationPlatforms) = postSolution
		{2233545C-11E4-4419-B860-B9A5BDF83091}.Development|Default.ActiveCfg = Development
		{2233545C-11E4-4419-B860-B9A5BDF83091}.Development|Default.Build.0 = Development
		{2233545C-11E4-4419-B860-B9A5BDF83091}.Development|Default.Deploy.0 = Development
	EndGlobalSection
	GlobalSection(SolutionProperties) = preSolution
		HideSolutionNode = FALSE
	EndGlobalSection
	GlobalSection(ExtensibilityGlobals) = postSolution
		SolutionGuid = {7F535434-FFF8-4C7C-834F-A30C773B3FD6}
	EndGlobalSection
EndGlobal
