
Microsoft Visual Studio Solution File, Format Version 11.00
# Visual Studio 2010
Project("{159641D6-6404-4A2A-AE62-294DE0FE8301}") = "EjercicioComplementario", "EjercicioComplementario.dtproj", "{74C8D62F-3576-4C93-9066-A5AD9B9B964E}"
EndProject
Global
	GlobalSection(SolutionConfigurationPlatforms) = preSolution
		Development|Default = Development|Default
	EndGlobalSection
	GlobalSection(ProjectConfigurationPlatforms) = postSolution
		{74C8D62F-3576-4C93-9066-A5AD9B9B964E}.Development|Default.ActiveCfg = Development
		{74C8D62F-3576-4C93-9066-A5AD9B9B964E}.Development|Default.Build.0 = Development
	EndGlobalSection
	GlobalSection(SolutionProperties) = preSolution
		HideSolutionNode = FALSE
	EndGlobalSection
EndGlobal
