
Microsoft Visual Studio Solution File, Format Version 12.00
# Visual Studio 15
VisualStudioVersion = 15.0.28307.1209
MinimumVisualStudioVersion = 10.0.40219.1
Project("{159641D6-6404-4A2A-AE62-294DE0FE8301}") = "Ejercicio 2", "Ejercicio 2.dtproj", "{01E53CB1-73B9-40E9-A388-C28D1549E92C}"
EndProject
Global
	GlobalSection(SolutionConfigurationPlatforms) = preSolution
		Development|Default = Development|Default
	EndGlobalSection
	GlobalSection(ProjectConfigurationPlatforms) = postSolution
		{01E53CB1-73B9-40E9-A388-C28D1549E92C}.Development|Default.ActiveCfg = Development
		{01E53CB1-73B9-40E9-A388-C28D1549E92C}.Development|Default.Build.0 = Development
	EndGlobalSection
	GlobalSection(SolutionProperties) = preSolution
		HideSolutionNode = FALSE
	EndGlobalSection
	GlobalSection(ExtensibilityGlobals) = postSolution
		SolutionGuid = {13C6A97C-8EE9-4FEE-A1C3-73811A60D324}
	EndGlobalSection
EndGlobal
