
Microsoft Visual Studio Solution File, Format Version 11.00
# Visual Studio 2010
Project("{159641D6-6404-4A2A-AE62-294DE0FE8301}") = "Ejercicio2", "Ejercicio2.dtproj", "{DC3C91CA-272A-4372-B6CD-733B9164FEF1}"
EndProject
Global
	GlobalSection(SolutionConfigurationPlatforms) = preSolution
		Development|Default = Development|Default
	EndGlobalSection
	GlobalSection(ProjectConfigurationPlatforms) = postSolution
		{DC3C91CA-272A-4372-B6CD-733B9164FEF1}.Development|Default.ActiveCfg = Development
		{DC3C91CA-272A-4372-B6CD-733B9164FEF1}.Development|Default.Build.0 = Development
	EndGlobalSection
	GlobalSection(SolutionProperties) = preSolution
		HideSolutionNode = FALSE
	EndGlobalSection
EndGlobal
